// !$*UTF8*$!
{
	archiveVersion = 1;
	classes = {
	};
	objectVersion = 56;
	objects = {

/* Begin PBXBuildFile section */
		BA4713BD2B5C1DD3006A4EEE /* houseInfo.xcdatamodeld in Sources */ = {isa = PBXBuildFile; fileRef = BA4713BB2B5C1DD2006A4EEE /* houseInfo.xcdatamodeld */; };
		BA4ECA682B5C20670076FB80 /* HouseInfo+CoreDataClass.swift in Sources */ = {isa = PBXBuildFile; fileRef = BA4ECA662B5C20670076FB80 /* HouseInfo+CoreDataClass.swift */; };
		BA4ECA692B5C20670076FB80 /* HouseInfo+CoreDataProperties.swift in Sources */ = {isa = PBXBuildFile; fileRef = BA4ECA672B5C20670076FB80 /* HouseInfo+CoreDataProperties.swift */; };
		BA4ECA6B2B5C257A0076FB80 /* update.swift in Sources */ = {isa = PBXBuildFile; fileRef = BA4ECA6A2B5C257A0076FB80 /* update.swift */; };
		BA4ECA732B5E228D0076FB80 /* GoogleService-Info.plist in Resources */ = {isa = PBXBuildFile; fileRef = BA4ECA722B5E228D0076FB80 /* GoogleService-Info.plist */; };
		BA4ECA762B5E28710076FB80 /* FirebaseAnalytics in Frameworks */ = {isa = PBXBuildFile; productRef = BA4ECA752B5E28710076FB80 /* FirebaseAnalytics */; };
		BA4ECA792B5E2A330076FB80 /* FirebaseAnalyticsSwift in Frameworks */ = {isa = PBXBuildFile; productRef = BA4ECA782B5E2A330076FB80 /* FirebaseAnalyticsSwift */; };
		BA4ECA7B2B5E2A4A0076FB80 /* FirebaseAuth in Frameworks */ = {isa = PBXBuildFile; productRef = BA4ECA7A2B5E2A4A0076FB80 /* FirebaseAuth */; };
		BA4ECA7D2B5E2A510076FB80 /* FirebaseAnalytics in Frameworks */ = {isa = PBXBuildFile; productRef = BA4ECA7C2B5E2A510076FB80 /* FirebaseAnalytics */; };
		BA4ECA822B5E2F050076FB80 /* AuthenticationManager.swift in Sources */ = {isa = PBXBuildFile; fileRef = BA4ECA812B5E2F050076FB80 /* AuthenticationManager.swift */; };
		BA4ECA842B5E2FD80076FB80 /* FirebaseAuth in Frameworks */ = {isa = PBXBuildFile; productRef = BA4ECA832B5E2FD80076FB80 /* FirebaseAuth */; };
		BA4ECA882B5FC55A0076FB80 /* Profile.swift in Sources */ = {isa = PBXBuildFile; fileRef = BA4ECA872B5FC5590076FB80 /* Profile.swift */; };
		BA4ECA8A2B5FC6460076FB80 /* root.swift in Sources */ = {isa = PBXBuildFile; fileRef = BA4ECA892B5FC6460076FB80 /* root.swift */; };
		BA4ECA8C2B5FD7080076FB80 /* SingInWithEmail.swift in Sources */ = {isa = PBXBuildFile; fileRef = BA4ECA8B2B5FD7080076FB80 /* SingInWithEmail.swift */; };
		BA4ECAD32B6034BF0076FB80 /* DataManager.swift in Sources */ = {isa = PBXBuildFile; fileRef = BA4ECAD22B6034BF0076FB80 /* DataManager.swift */; };
		BA4ECAD52B6036030076FB80 /* FirebaseStorage in Frameworks */ = {isa = PBXBuildFile; productRef = BA4ECAD42B6036030076FB80 /* FirebaseStorage */; };
		BA4ECAD72B6036530076FB80 /* FirebaseFirestore in Frameworks */ = {isa = PBXBuildFile; productRef = BA4ECAD62B6036530076FB80 /* FirebaseFirestore */; };
		BA4ECAD92B6039920076FB80 /* FirebaseDatabase in Frameworks */ = {isa = PBXBuildFile; productRef = BA4ECAD82B6039920076FB80 /* FirebaseDatabase */; };
		BA4ECADB2B6039920076FB80 /* FirebaseDatabaseSwift in Frameworks */ = {isa = PBXBuildFile; productRef = BA4ECADA2B6039920076FB80 /* FirebaseDatabaseSwift */; };
		BA4ECADD2B6039920076FB80 /* FirebaseFirestoreCombine-Community in Frameworks */ = {isa = PBXBuildFile; productRef = BA4ECADC2B6039920076FB80 /* FirebaseFirestoreCombine-Community */; };
		BA4ECADF2B6039920076FB80 /* FirebaseFirestoreSwift in Frameworks */ = {isa = PBXBuildFile; productRef = BA4ECADE2B6039920076FB80 /* FirebaseFirestoreSwift */; };
		BA4ECAE12B603B720076FB80 /* House.swift in Sources */ = {isa = PBXBuildFile; fileRef = BA4ECAE02B603B720076FB80 /* House.swift */; };
		BA4ECAE52B60BD410076FB80 /* addHouse.swift in Sources */ = {isa = PBXBuildFile; fileRef = BA4ECAE42B60BD410076FB80 /* addHouse.swift */; };
		BA4ECAE72B60BE790076FB80 /* test.swift in Sources */ = {isa = PBXBuildFile; fileRef = BA4ECAE62B60BE790076FB80 /* test.swift */; };
		BA4ECAE92B60BF8F0076FB80 /* logo.png in Resources */ = {isa = PBXBuildFile; fileRef = BA4ECAE82B60BF8F0076FB80 /* logo.png */; };
		BA4ECAEE2B6776920076FB80 /* SDWebImageSwiftUI in Frameworks */ = {isa = PBXBuildFile; productRef = BA4ECAED2B6776920076FB80 /* SDWebImageSwiftUI */; };
		BA4ECAF02B6785BF0076FB80 /* Photo.swift in Sources */ = {isa = PBXBuildFile; fileRef = BA4ECAEF2B6785BF0076FB80 /* Photo.swift */; };
		BA57AB5B2B566B71005B7390 /* upload.swift in Sources */ = {isa = PBXBuildFile; fileRef = BA57AB5A2B566B71005B7390 /* upload.swift */; };
		BA57AB5F2B56728A005B7390 /* ImagePicker.swift in Sources */ = {isa = PBXBuildFile; fileRef = BA57AB5E2B56728A005B7390 /* ImagePicker.swift */; };
		BAD55BE02B4E7C44004004ED /* propertyKingApp.swift in Sources */ = {isa = PBXBuildFile; fileRef = BAD55BDF2B4E7C44004004ED /* propertyKingApp.swift */; };
		BAD55BE22B4E7C44004004ED /* ContentView.swift in Sources */ = {isa = PBXBuildFile; fileRef = BAD55BE12B4E7C44004004ED /* ContentView.swift */; };
		BAD55BE42B4E7C47004004ED /* Assets.xcassets in Resources */ = {isa = PBXBuildFile; fileRef = BAD55BE32B4E7C47004004ED /* Assets.xcassets */; };
		BAD55BE72B4E7C47004004ED /* Preview Assets.xcassets in Resources */ = {isa = PBXBuildFile; fileRef = BAD55BE62B4E7C47004004ED /* Preview Assets.xcassets */; };
		BAD55BF12B4E7C47004004ED /* propertyKingTests.swift in Sources */ = {isa = PBXBuildFile; fileRef = BAD55BF02B4E7C47004004ED /* propertyKingTests.swift */; };
		BAD55BFB2B4E7C47004004ED /* propertyKingUITests.swift in Sources */ = {isa = PBXBuildFile; fileRef = BAD55BFA2B4E7C47004004ED /* propertyKingUITests.swift */; };
		BAD55BFD2B4E7C47004004ED /* propertyKingUITestsLaunchTests.swift in Sources */ = {isa = PBXBuildFile; fileRef = BAD55BFC2B4E7C47004004ED /* propertyKingUITestsLaunchTests.swift */; };
		BAD55C0C2B4E810E004004ED /* BiometricModel.swift in Sources */ = {isa = PBXBuildFile; fileRef = BAD55C092B4E8101004004ED /* BiometricModel.swift */; };
		BAD55C142B4FC492004004ED /* register.swift in Sources */ = {isa = PBXBuildFile; fileRef = BAD55C132B4FC492004004ED /* register.swift */; };
		BAD55C162B4FCAAD004004ED /* Login.swift in Sources */ = {isa = PBXBuildFile; fileRef = BAD55C152B4FCAAD004004ED /* Login.swift */; };
		BAD55C182B4FCF39004004ED /* home.swift in Sources */ = {isa = PBXBuildFile; fileRef = BAD55C172B4FCF39004004ED /* home.swift */; };
		BAD55C1E2B4FE21D004004ED /* LocationModel.swift in Sources */ = {isa = PBXBuildFile; fileRef = BAD55C1D2B4FE21D004004ED /* LocationModel.swift */; };
		BAD55C202B4FE258004004ED /* MyLocationView.swift in Sources */ = {isa = PBXBuildFile; fileRef = BAD55C1F2B4FE258004004ED /* MyLocationView.swift */; };
		BAD55C222B4FED20004004ED /* firstPage.swift in Sources */ = {isa = PBXBuildFile; fileRef = BAD55C212B4FED20004004ED /* firstPage.swift */; };
		BAD55C292B510F3D004004ED /* pic.png in Resources */ = {isa = PBXBuildFile; fileRef = BAD55C282B510F3D004004ED /* pic.png */; };
/* End PBXBuildFile section */

/* Begin PBXContainerItemProxy section */
		BAD55BED2B4E7C47004004ED /* PBXContainerItemProxy */ = {
			isa = PBXContainerItemProxy;
			containerPortal = BAD55BD42B4E7C44004004ED /* Project object */;
			proxyType = 1;
			remoteGlobalIDString = BAD55BDB2B4E7C44004004ED;
			remoteInfo = propertyKing;
		};
		BAD55BF72B4E7C47004004ED /* PBXContainerItemProxy */ = {
			isa = PBXContainerItemProxy;
			containerPortal = BAD55BD42B4E7C44004004ED /* Project object */;
			proxyType = 1;
			remoteGlobalIDString = BAD55BDB2B4E7C44004004ED;
			remoteInfo = propertyKing;
		};
/* End PBXContainerItemProxy section */

/* Begin PBXFileReference section */
		BA4713BC2B5C1DD3006A4EEE /* houseInfo.xcdatamodel */ = {isa = PBXFileReference; lastKnownFileType = wrapper.xcdatamodel; path = houseInfo.xcdatamodel; sourceTree = "<group>"; };
		BA4ECA662B5C20670076FB80 /* HouseInfo+CoreDataClass.swift */ = {isa = PBXFileReference; lastKnownFileType = sourcecode.swift; path = "HouseInfo+CoreDataClass.swift"; sourceTree = "<group>"; };
		BA4ECA672B5C20670076FB80 /* HouseInfo+CoreDataProperties.swift */ = {isa = PBXFileReference; lastKnownFileType = sourcecode.swift; path = "HouseInfo+CoreDataProperties.swift"; sourceTree = "<group>"; };
		BA4ECA6A2B5C257A0076FB80 /* update.swift */ = {isa = PBXFileReference; lastKnownFileType = sourcecode.swift; path = update.swift; sourceTree = "<group>"; };
		BA4ECA722B5E228D0076FB80 /* GoogleService-Info.plist */ = {isa = PBXFileReference; fileEncoding = 4; lastKnownFileType = text.plist.xml; path = "GoogleService-Info.plist"; sourceTree = "<group>"; };
		BA4ECA812B5E2F050076FB80 /* AuthenticationManager.swift */ = {isa = PBXFileReference; lastKnownFileType = sourcecode.swift; path = AuthenticationManager.swift; sourceTree = "<group>"; };
		BA4ECA872B5FC5590076FB80 /* Profile.swift */ = {isa = PBXFileReference; lastKnownFileType = sourcecode.swift; path = Profile.swift; sourceTree = "<group>"; };
		BA4ECA892B5FC6460076FB80 /* root.swift */ = {isa = PBXFileReference; lastKnownFileType = sourcecode.swift; path = root.swift; sourceTree = "<group>"; };
		BA4ECA8B2B5FD7080076FB80 /* SingInWithEmail.swift */ = {isa = PBXFileReference; lastKnownFileType = sourcecode.swift; path = SingInWithEmail.swift; sourceTree = "<group>"; };
		BA4ECAD22B6034BF0076FB80 /* DataManager.swift */ = {isa = PBXFileReference; lastKnownFileType = sourcecode.swift; path = DataManager.swift; sourceTree = "<group>"; };
		BA4ECAE02B603B720076FB80 /* House.swift */ = {isa = PBXFileReference; lastKnownFileType = sourcecode.swift; path = House.swift; sourceTree = "<group>"; };
		BA4ECAE42B60BD410076FB80 /* addHouse.swift */ = {isa = PBXFileReference; lastKnownFileType = sourcecode.swift; path = addHouse.swift; sourceTree = "<group>"; };
		BA4ECAE62B60BE790076FB80 /* test.swift */ = {isa = PBXFileReference; lastKnownFileType = sourcecode.swift; path = test.swift; sourceTree = "<group>"; };
		BA4ECAE82B60BF8F0076FB80 /* logo.png */ = {isa = PBXFileReference; lastKnownFileType = image.png; path = logo.png; sourceTree = "<group>"; };
		BA4ECAEF2B6785BF0076FB80 /* Photo.swift */ = {isa = PBXFileReference; lastKnownFileType = sourcecode.swift; path = Photo.swift; sourceTree = "<group>"; };
		BA57AB5A2B566B71005B7390 /* upload.swift */ = {isa = PBXFileReference; lastKnownFileType = sourcecode.swift; path = upload.swift; sourceTree = "<group>"; };
		BA57AB5E2B56728A005B7390 /* ImagePicker.swift */ = {isa = PBXFileReference; lastKnownFileType = sourcecode.swift; path = ImagePicker.swift; sourceTree = "<group>"; };
		BAD55BDC2B4E7C44004004ED /* propertyKing.app */ = {isa = PBXFileReference; explicitFileType = wrapper.application; includeInIndex = 0; path = propertyKing.app; sourceTree = BUILT_PRODUCTS_DIR; };
		BAD55BDF2B4E7C44004004ED /* propertyKingApp.swift */ = {isa = PBXFileReference; lastKnownFileType = sourcecode.swift; path = propertyKingApp.swift; sourceTree = "<group>"; };
		BAD55BE12B4E7C44004004ED /* ContentView.swift */ = {isa = PBXFileReference; lastKnownFileType = sourcecode.swift; path = ContentView.swift; sourceTree = "<group>"; };
		BAD55BE32B4E7C47004004ED /* Assets.xcassets */ = {isa = PBXFileReference; lastKnownFileType = folder.assetcatalog; path = Assets.xcassets; sourceTree = "<group>"; };
		BAD55BE62B4E7C47004004ED /* Preview Assets.xcassets */ = {isa = PBXFileReference; lastKnownFileType = folder.assetcatalog; path = "Preview Assets.xcassets"; sourceTree = "<group>"; };
		BAD55BEC2B4E7C47004004ED /* propertyKingTests.xctest */ = {isa = PBXFileReference; explicitFileType = wrapper.cfbundle; includeInIndex = 0; path = propertyKingTests.xctest; sourceTree = BUILT_PRODUCTS_DIR; };
		BAD55BF02B4E7C47004004ED /* propertyKingTests.swift */ = {isa = PBXFileReference; lastKnownFileType = sourcecode.swift; path = propertyKingTests.swift; sourceTree = "<group>"; };
		BAD55BF62B4E7C47004004ED /* propertyKingUITests.xctest */ = {isa = PBXFileReference; explicitFileType = wrapper.cfbundle; includeInIndex = 0; path = propertyKingUITests.xctest; sourceTree = BUILT_PRODUCTS_DIR; };
		BAD55BFA2B4E7C47004004ED /* propertyKingUITests.swift */ = {isa = PBXFileReference; lastKnownFileType = sourcecode.swift; path = propertyKingUITests.swift; sourceTree = "<group>"; };
		BAD55BFC2B4E7C47004004ED /* propertyKingUITestsLaunchTests.swift */ = {isa = PBXFileReference; lastKnownFileType = sourcecode.swift; path = propertyKingUITestsLaunchTests.swift; sourceTree = "<group>"; };
		BAD55C092B4E8101004004ED /* BiometricModel.swift */ = {isa = PBXFileReference; lastKnownFileType = sourcecode.swift; path = BiometricModel.swift; sourceTree = "<group>"; };
		BAD55C132B4FC492004004ED /* register.swift */ = {isa = PBXFileReference; lastKnownFileType = sourcecode.swift; path = register.swift; sourceTree = "<group>"; };
		BAD55C152B4FCAAD004004ED /* Login.swift */ = {isa = PBXFileReference; lastKnownFileType = sourcecode.swift; path = Login.swift; sourceTree = "<group>"; };
		BAD55C172B4FCF39004004ED /* home.swift */ = {isa = PBXFileReference; lastKnownFileType = sourcecode.swift; path = home.swift; sourceTree = "<group>"; };
		BAD55C1D2B4FE21D004004ED /* LocationModel.swift */ = {isa = PBXFileReference; lastKnownFileType = sourcecode.swift; path = LocationModel.swift; sourceTree = "<group>"; };
		BAD55C1F2B4FE258004004ED /* MyLocationView.swift */ = {isa = PBXFileReference; lastKnownFileType = sourcecode.swift; path = MyLocationView.swift; sourceTree = "<group>"; };
		BAD55C212B4FED20004004ED /* firstPage.swift */ = {isa = PBXFileReference; lastKnownFileType = sourcecode.swift; path = firstPage.swift; sourceTree = "<group>"; };
		BAD55C282B510F3D004004ED /* pic.png */ = {isa = PBXFileReference; lastKnownFileType = image.png; path = pic.png; sourceTree = "<group>"; };
/* End PBXFileReference section */

/* Begin PBXFrameworksBuildPhase section */
		BAD55BD92B4E7C44004004ED /* Frameworks */ = {
			isa = PBXFrameworksBuildPhase;
			buildActionMask = 2147483647;
			files = (
				BA4ECADB2B6039920076FB80 /* FirebaseDatabaseSwift in Frameworks */,
				BA4ECAD92B6039920076FB80 /* FirebaseDatabase in Frameworks */,
				BA4ECA762B5E28710076FB80 /* FirebaseAnalytics in Frameworks */,
				BA4ECAEE2B6776920076FB80 /* SDWebImageSwiftUI in Frameworks */,
				BA4ECAD72B6036530076FB80 /* FirebaseFirestore in Frameworks */,
				BA4ECA842B5E2FD80076FB80 /* FirebaseAuth in Frameworks */,
				BA4ECAD52B6036030076FB80 /* FirebaseStorage in Frameworks */,
				BA4ECADD2B6039920076FB80 /* FirebaseFirestoreCombine-Community in Frameworks */,
				BA4ECADF2B6039920076FB80 /* FirebaseFirestoreSwift in Frameworks */,
			);
			runOnlyForDeploymentPostprocessing = 0;
		};
		BAD55BE92B4E7C47004004ED /* Frameworks */ = {
			isa = PBXFrameworksBuildPhase;
			buildActionMask = 2147483647;
			files = (
				BA4ECA792B5E2A330076FB80 /* FirebaseAnalyticsSwift in Frameworks */,
				BA4ECA7B2B5E2A4A0076FB80 /* FirebaseAuth in Frameworks */,
				BA4ECA7D2B5E2A510076FB80 /* FirebaseAnalytics in Frameworks */,
			);
			runOnlyForDeploymentPostprocessing = 0;
		};
		BAD55BF32B4E7C47004004ED /* Frameworks */ = {
			isa = PBXFrameworksBuildPhase;
			buildActionMask = 2147483647;
			files = (
			);
			runOnlyForDeploymentPostprocessing = 0;
		};
/* End PBXFrameworksBuildPhase section */

/* Begin PBXGroup section */
		BA4ECA772B5E2A330076FB80 /* Frameworks */ = {
			isa = PBXGroup;
			children = (
			);
			name = Frameworks;
			sourceTree = "<group>";
		};
		BAD55BD32B4E7C44004004ED = {
			isa = PBXGroup;
			children = (
				BA4ECAEF2B6785BF0076FB80 /* Photo.swift */,
				BA4ECAE02B603B720076FB80 /* House.swift */,
				BA4ECAD22B6034BF0076FB80 /* DataManager.swift */,
				BA4ECA722B5E228D0076FB80 /* GoogleService-Info.plist */,
				BA4ECA662B5C20670076FB80 /* HouseInfo+CoreDataClass.swift */,
				BA4ECA672B5C20670076FB80 /* HouseInfo+CoreDataProperties.swift */,
				BAD55BDE2B4E7C44004004ED /* propertyKing */,
				BAD55BEF2B4E7C47004004ED /* propertyKingTests */,
				BAD55BF92B4E7C47004004ED /* propertyKingUITests */,
				BAD55BDD2B4E7C44004004ED /* Products */,
				BA4ECA772B5E2A330076FB80 /* Frameworks */,
			);
			sourceTree = "<group>";
		};
		BAD55BDD2B4E7C44004004ED /* Products */ = {
			isa = PBXGroup;
			children = (
				BAD55BDC2B4E7C44004004ED /* propertyKing.app */,
				BAD55BEC2B4E7C47004004ED /* propertyKingTests.xctest */,
				BAD55BF62B4E7C47004004ED /* propertyKingUITests.xctest */,
			);
			name = Products;
			sourceTree = "<group>";
		};
		BAD55BDE2B4E7C44004004ED /* propertyKing */ = {
			isa = PBXGroup;
			children = (
				BAD55C282B510F3D004004ED /* pic.png */,
				BA4ECAE82B60BF8F0076FB80 /* logo.png */,
				BAD55C232B4FF027004004ED /* model */,
				BAD55BDF2B4E7C44004004ED /* propertyKingApp.swift */,
				BAD55BE12B4E7C44004004ED /* ContentView.swift */,
				BAD55BE32B4E7C47004004ED /* Assets.xcassets */,
				BAD55BE52B4E7C47004004ED /* Preview Content */,
				BAD55C1F2B4FE258004004ED /* MyLocationView.swift */,
				BA57AB5A2B566B71005B7390 /* upload.swift */,
				BAD55C132B4FC492004004ED /* register.swift */,
				BA4ECAE42B60BD410076FB80 /* addHouse.swift */,
				BAD55C152B4FCAAD004004ED /* Login.swift */,
				BAD55C172B4FCF39004004ED /* home.swift */,
				BAD55C212B4FED20004004ED /* firstPage.swift */,
				BA4713BB2B5C1DD2006A4EEE /* houseInfo.xcdatamodeld */,
				BA4ECA6A2B5C257A0076FB80 /* update.swift */,
				BA4ECA812B5E2F050076FB80 /* AuthenticationManager.swift */,
				BA4ECA872B5FC5590076FB80 /* Profile.swift */,
				BA4ECA892B5FC6460076FB80 /* root.swift */,
				BA4ECA8B2B5FD7080076FB80 /* SingInWithEmail.swift */,
				BA4ECAE62B60BE790076FB80 /* test.swift */,
			);
			path = propertyKing;
			sourceTree = "<group>";
		};
		BAD55BE52B4E7C47004004ED /* Preview Content */ = {
			isa = PBXGroup;
			children = (
				BAD55BE62B4E7C47004004ED /* Preview Assets.xcassets */,
			);
			path = "Preview Content";
			sourceTree = "<group>";
		};
		BAD55BEF2B4E7C47004004ED /* propertyKingTests */ = {
			isa = PBXGroup;
			children = (
				BAD55BF02B4E7C47004004ED /* propertyKingTests.swift */,
			);
			path = propertyKingTests;
			sourceTree = "<group>";
		};
		BAD55BF92B4E7C47004004ED /* propertyKingUITests */ = {
			isa = PBXGroup;
			children = (
				BAD55BFA2B4E7C47004004ED /* propertyKingUITests.swift */,
				BAD55BFC2B4E7C47004004ED /* propertyKingUITestsLaunchTests.swift */,
			);
			path = propertyKingUITests;
			sourceTree = "<group>";
		};
		BAD55C232B4FF027004004ED /* model */ = {
			isa = PBXGroup;
			children = (
				BAD55C1D2B4FE21D004004ED /* LocationModel.swift */,
				BAD55C092B4E8101004004ED /* BiometricModel.swift */,
				BA57AB5E2B56728A005B7390 /* ImagePicker.swift */,
			);
			path = model;
			sourceTree = "<group>";
		};
/* End PBXGroup section */

/* Begin PBXNativeTarget section */
		BAD55BDB2B4E7C44004004ED /* propertyKing */ = {
			isa = PBXNativeTarget;
			buildConfigurationList = BAD55C002B4E7C47004004ED /* Build configuration list for PBXNativeTarget "propertyKing" */;
			buildPhases = (
				BAD55BD82B4E7C44004004ED /* Sources */,
				BAD55BD92B4E7C44004004ED /* Frameworks */,
				BAD55BDA2B4E7C44004004ED /* Resources */,
			);
			buildRules = (
			);
			dependencies = (
			);
			name = propertyKing;
			packageProductDependencies = (
				BA4ECA752B5E28710076FB80 /* FirebaseAnalytics */,
				BA4ECA832B5E2FD80076FB80 /* FirebaseAuth */,
				BA4ECAD42B6036030076FB80 /* FirebaseStorage */,
				BA4ECAD62B6036530076FB80 /* FirebaseFirestore */,
				BA4ECAD82B6039920076FB80 /* FirebaseDatabase */,
				BA4ECADA2B6039920076FB80 /* FirebaseDatabaseSwift */,
				BA4ECADC2B6039920076FB80 /* FirebaseFirestoreCombine-Community */,
				BA4ECADE2B6039920076FB80 /* FirebaseFirestoreSwift */,
				BA4ECAED2B6776920076FB80 /* SDWebImageSwiftUI */,
			);
			productName = propertyKing;
			productReference = BAD55BDC2B4E7C44004004ED /* propertyKing.app */;
			productType = "com.apple.product-type.application";
		};
		BAD55BEB2B4E7C47004004ED /* propertyKingTests */ = {
			isa = PBXNativeTarget;
			buildConfigurationList = BAD55C032B4E7C47004004ED /* Build configuration list for PBXNativeTarget "propertyKingTests" */;
			buildPhases = (
				BAD55BE82B4E7C47004004ED /* Sources */,
				BAD55BE92B4E7C47004004ED /* Frameworks */,
				BAD55BEA2B4E7C47004004ED /* Resources */,
			);
			buildRules = (
			);
			dependencies = (
				BAD55BEE2B4E7C47004004ED /* PBXTargetDependency */,
			);
			name = propertyKingTests;
			packageProductDependencies = (
				BA4ECA782B5E2A330076FB80 /* FirebaseAnalyticsSwift */,
				BA4ECA7A2B5E2A4A0076FB80 /* FirebaseAuth */,
				BA4ECA7C2B5E2A510076FB80 /* FirebaseAnalytics */,
			);
			productName = propertyKingTests;
			productReference = BAD55BEC2B4E7C47004004ED /* propertyKingTests.xctest */;
			productType = "com.apple.product-type.bundle.unit-test";
		};
		BAD55BF52B4E7C47004004ED /* propertyKingUITests */ = {
			isa = PBXNativeTarget;
			buildConfigurationList = BAD55C062B4E7C47004004ED /* Build configuration list for PBXNativeTarget "propertyKingUITests" */;
			buildPhases = (
				BAD55BF22B4E7C47004004ED /* Sources */,
				BAD55BF32B4E7C47004004ED /* Frameworks */,
				BAD55BF42B4E7C47004004ED /* Resources */,
			);
			buildRules = (
			);
			dependencies = (
				BAD55BF82B4E7C47004004ED /* PBXTargetDependency */,
			);
			name = propertyKingUITests;
			productName = propertyKingUITests;
			productReference = BAD55BF62B4E7C47004004ED /* propertyKingUITests.xctest */;
			productType = "com.apple.product-type.bundle.ui-testing";
		};
/* End PBXNativeTarget section */

/* Begin PBXProject section */
		BAD55BD42B4E7C44004004ED /* Project object */ = {
			isa = PBXProject;
			attributes = {
				BuildIndependentTargetsInParallel = 1;
				LastSwiftUpdateCheck = 1520;
				LastUpgradeCheck = 1520;
				TargetAttributes = {
					BAD55BDB2B4E7C44004004ED = {
						CreatedOnToolsVersion = 15.2;
					};
					BAD55BEB2B4E7C47004004ED = {
						CreatedOnToolsVersion = 15.2;
						TestTargetID = BAD55BDB2B4E7C44004004ED;
					};
					BAD55BF52B4E7C47004004ED = {
						CreatedOnToolsVersion = 15.2;
						TestTargetID = BAD55BDB2B4E7C44004004ED;
					};
				};
			};
			buildConfigurationList = BAD55BD72B4E7C44004004ED /* Build configuration list for PBXProject "propertyKing" */;
			compatibilityVersion = "Xcode 14.0";
			developmentRegion = en;
			hasScannedForEncodings = 0;
			knownRegions = (
				en,
				Base,
			);
			mainGroup = BAD55BD32B4E7C44004004ED;
			packageReferences = (
				BA4ECA742B5E22C90076FB80 /* XCRemoteSwiftPackageReference "firebase-ios-sdk" */,
				BA4ECAEC2B6776910076FB80 /* XCRemoteSwiftPackageReference "SDWebImageSwiftUI" */,
			);
			productRefGroup = BAD55BDD2B4E7C44004004ED /* Products */;
			projectDirPath = "";
			projectRoot = "";
			targets = (
				BAD55BDB2B4E7C44004004ED /* propertyKing */,
				BAD55BEB2B4E7C47004004ED /* propertyKingTests */,
				BAD55BF52B4E7C47004004ED /* propertyKingUITests */,
			);
		};
/* End PBXProject section */

/* Begin PBXResourcesBuildPhase section */
		BAD55BDA2B4E7C44004004ED /* Resources */ = {
			isa = PBXResourcesBuildPhase;
			buildActionMask = 2147483647;
			files = (
				BAD55BE72B4E7C47004004ED /* Preview Assets.xcassets in Resources */,
				BA4ECAE92B60BF8F0076FB80 /* logo.png in Resources */,
				BA4ECA732B5E228D0076FB80 /* GoogleService-Info.plist in Resources */,
				BAD55C292B510F3D004004ED /* pic.png in Resources */,
				BAD55BE42B4E7C47004004ED /* Assets.xcassets in Resources */,
			);
			runOnlyForDeploymentPostprocessing = 0;
		};
		BAD55BEA2B4E7C47004004ED /* Resources */ = {
			isa = PBXResourcesBuildPhase;
			buildActionMask = 2147483647;
			files = (
			);
			runOnlyForDeploymentPostprocessing = 0;
		};
		BAD55BF42B4E7C47004004ED /* Resources */ = {
			isa = PBXResourcesBuildPhase;
			buildActionMask = 2147483647;
			files = (
			);
			runOnlyForDeploymentPostprocessing = 0;
		};
/* End PBXResourcesBuildPhase section */

/* Begin PBXSourcesBuildPhase section */
		BAD55BD82B4E7C44004004ED /* Sources */ = {
			isa = PBXSourcesBuildPhase;
			buildActionMask = 2147483647;
			files = (
				BA4ECAF02B6785BF0076FB80 /* Photo.swift in Sources */,
				BA4ECA882B5FC55A0076FB80 /* Profile.swift in Sources */,
				BA4ECAD32B6034BF0076FB80 /* DataManager.swift in Sources */,
				BAD55C1E2B4FE21D004004ED /* LocationModel.swift in Sources */,
				BA4ECA822B5E2F050076FB80 /* AuthenticationManager.swift in Sources */,
				BAD55C182B4FCF39004004ED /* home.swift in Sources */,
				BA57AB5B2B566B71005B7390 /* upload.swift in Sources */,
				BA4ECAE52B60BD410076FB80 /* addHouse.swift in Sources */,
				BA4ECAE72B60BE790076FB80 /* test.swift in Sources */,
				BAD55C202B4FE258004004ED /* MyLocationView.swift in Sources */,
				BA4ECAE12B603B720076FB80 /* House.swift in Sources */,
				BAD55C0C2B4E810E004004ED /* BiometricModel.swift in Sources */,
				BA4ECA8A2B5FC6460076FB80 /* root.swift in Sources */,
				BAD55C162B4FCAAD004004ED /* Login.swift in Sources */,
				BA4713BD2B5C1DD3006A4EEE /* houseInfo.xcdatamodeld in Sources */,
				BA4ECA8C2B5FD7080076FB80 /* SingInWithEmail.swift in Sources */,
				BAD55BE22B4E7C44004004ED /* ContentView.swift in Sources */,
				BA57AB5F2B56728A005B7390 /* ImagePicker.swift in Sources */,
				BAD55BE02B4E7C44004004ED /* propertyKingApp.swift in Sources */,
				BA4ECA692B5C20670076FB80 /* HouseInfo+CoreDataProperties.swift in Sources */,
				BA4ECA682B5C20670076FB80 /* HouseInfo+CoreDataClass.swift in Sources */,
				BA4ECA6B2B5C257A0076FB80 /* update.swift in Sources */,
				BAD55C142B4FC492004004ED /* register.swift in Sources */,
				BAD55C222B4FED20004004ED /* firstPage.swift in Sources */,
			);
			runOnlyForDeploymentPostprocessing = 0;
		};
		BAD55BE82B4E7C47004004ED /* Sources */ = {
			isa = PBXSourcesBuildPhase;
			buildActionMask = 2147483647;
			files = (
				BAD55BF12B4E7C47004004ED /* propertyKingTests.swift in Sources */,
			);
			runOnlyForDeploymentPostprocessing = 0;
		};
		BAD55BF22B4E7C47004004ED /* Sources */ = {
			isa = PBXSourcesBuildPhase;
			buildActionMask = 2147483647;
			files = (
				BAD55BFD2B4E7C47004004ED /* propertyKingUITestsLaunchTests.swift in Sources */,
				BAD55BFB2B4E7C47004004ED /* propertyKingUITests.swift in Sources */,
			);
			runOnlyForDeploymentPostprocessing = 0;
		};
/* End PBXSourcesBuildPhase section */

/* Begin PBXTargetDependency section */
		BAD55BEE2B4E7C47004004ED /* PBXTargetDependency */ = {
			isa = PBXTargetDependency;
			target = BAD55BDB2B4E7C44004004ED /* propertyKing */;
			targetProxy = BAD55BED2B4E7C47004004ED /* PBXContainerItemProxy */;
		};
		BAD55BF82B4E7C47004004ED /* PBXTargetDependency */ = {
			isa = PBXTargetDependency;
			target = BAD55BDB2B4E7C44004004ED /* propertyKing */;
			targetProxy = BAD55BF72B4E7C47004004ED /* PBXContainerItemProxy */;
		};
/* End PBXTargetDependency section */

/* Begin XCBuildConfiguration section */
		BAD55BFE2B4E7C47004004ED /* Debug */ = {
			isa = XCBuildConfiguration;
			buildSettings = {
				ALWAYS_SEARCH_USER_PATHS = NO;
				ASSETCATALOG_COMPILER_GENERATE_SWIFT_ASSET_SYMBOL_EXTENSIONS = YES;
				CLANG_ANALYZER_NONNULL = YES;
				CLANG_ANALYZER_NUMBER_OBJECT_CONVERSION = YES_AGGRESSIVE;
				CLANG_CXX_LANGUAGE_STANDARD = "gnu++20";
				CLANG_ENABLE_MODULES = YES;
				CLANG_ENABLE_OBJC_ARC = YES;
				CLANG_ENABLE_OBJC_WEAK = YES;
				CLANG_WARN_BLOCK_CAPTURE_AUTORELEASING = YES;
				CLANG_WARN_BOOL_CONVERSION = YES;
				CLANG_WARN_COMMA = YES;
				CLANG_WARN_CONSTANT_CONVERSION = YES;
				CLANG_WARN_DEPRECATED_OBJC_IMPLEMENTATIONS = YES;
				CLANG_WARN_DIRECT_OBJC_ISA_USAGE = YES_ERROR;
				CLANG_WARN_DOCUMENTATION_COMMENTS = YES;
				CLANG_WARN_EMPTY_BODY = YES;
				CLANG_WARN_ENUM_CONVERSION = YES;
				CLANG_WARN_INFINITE_RECURSION = YES;
				CLANG_WARN_INT_CONVERSION = YES;
				CLANG_WARN_NON_LITERAL_NULL_CONVERSION = YES;
				CLANG_WARN_OBJC_IMPLICIT_RETAIN_SELF = YES;
				CLANG_WARN_OBJC_LITERAL_CONVERSION = YES;
				CLANG_WARN_OBJC_ROOT_CLASS = YES_ERROR;
				CLANG_WARN_QUOTED_INCLUDE_IN_FRAMEWORK_HEADER = YES;
				CLANG_WARN_RANGE_LOOP_ANALYSIS = YES;
				CLANG_WARN_STRICT_PROTOTYPES = YES;
				CLANG_WARN_SUSPICIOUS_MOVE = YES;
				CLANG_WARN_UNGUARDED_AVAILABILITY = YES_AGGRESSIVE;
				CLANG_WARN_UNREACHABLE_CODE = YES;
				CLANG_WARN__DUPLICATE_METHOD_MATCH = YES;
				COPY_PHASE_STRIP = NO;
				DEBUG_INFORMATION_FORMAT = dwarf;
				ENABLE_STRICT_OBJC_MSGSEND = YES;
				ENABLE_TESTABILITY = YES;
				ENABLE_USER_SCRIPT_SANDBOXING = YES;
				GCC_C_LANGUAGE_STANDARD = gnu17;
				GCC_DYNAMIC_NO_PIC = NO;
				GCC_NO_COMMON_BLOCKS = YES;
				GCC_OPTIMIZATION_LEVEL = 0;
				GCC_PREPROCESSOR_DEFINITIONS = (
					"DEBUG=1",
					"$(inherited)",
				);
				GCC_WARN_64_TO_32_BIT_CONVERSION = YES;
				GCC_WARN_ABOUT_RETURN_TYPE = YES_ERROR;
				GCC_WARN_UNDECLARED_SELECTOR = YES;
				GCC_WARN_UNINITIALIZED_AUTOS = YES_AGGRESSIVE;
				GCC_WARN_UNUSED_FUNCTION = YES;
				GCC_WARN_UNUSED_VARIABLE = YES;
				IPHONEOS_DEPLOYMENT_TARGET = 17.0;
				LOCALIZATION_PREFERS_STRING_CATALOGS = YES;
				MTL_ENABLE_DEBUG_INFO = INCLUDE_SOURCE;
				MTL_FAST_MATH = YES;
				ONLY_ACTIVE_ARCH = YES;
				SDKROOT = iphoneos;
				SWIFT_ACTIVE_COMPILATION_CONDITIONS = "DEBUG $(inherited)";
				SWIFT_OPTIMIZATION_LEVEL = "-Onone";
			};
			name = Debug;
		};
		BAD55BFF2B4E7C47004004ED /* Release */ = {
			isa = XCBuildConfiguration;
			buildSettings = {
				ALWAYS_SEARCH_USER_PATHS = NO;
				ASSETCATALOG_COMPILER_GENERATE_SWIFT_ASSET_SYMBOL_EXTENSIONS = YES;
				CLANG_ANALYZER_NONNULL = YES;
				CLANG_ANALYZER_NUMBER_OBJECT_CONVERSION = YES_AGGRESSIVE;
				CLANG_CXX_LANGUAGE_STANDARD = "gnu++20";
				CLANG_ENABLE_MODULES = YES;
				CLANG_ENABLE_OBJC_ARC = YES;
				CLANG_ENABLE_OBJC_WEAK = YES;
				CLANG_WARN_BLOCK_CAPTURE_AUTORELEASING = YES;
				CLANG_WARN_BOOL_CONVERSION = YES;
				CLANG_WARN_COMMA = YES;
				CLANG_WARN_CONSTANT_CONVERSION = YES;
				CLANG_WARN_DEPRECATED_OBJC_IMPLEMENTATIONS = YES;
				CLANG_WARN_DIRECT_OBJC_ISA_USAGE = YES_ERROR;
				CLANG_WARN_DOCUMENTATION_COMMENTS = YES;
				CLANG_WARN_EMPTY_BODY = YES;
				CLANG_WARN_ENUM_CONVERSION = YES;
				CLANG_WARN_INFINITE_RECURSION = YES;
				CLANG_WARN_INT_CONVERSION = YES;
				CLANG_WARN_NON_LITERAL_NULL_CONVERSION = YES;
				CLANG_WARN_OBJC_IMPLICIT_RETAIN_SELF = YES;
				CLANG_WARN_OBJC_LITERAL_CONVERSION = YES;
				CLANG_WARN_OBJC_ROOT_CLASS = YES_ERROR;
				CLANG_WARN_QUOTED_INCLUDE_IN_FRAMEWORK_HEADER = YES;
				CLANG_WARN_RANGE_LOOP_ANALYSIS = YES;
				CLANG_WARN_STRICT_PROTOTYPES = YES;
				CLANG_WARN_SUSPICIOUS_MOVE = YES;
				CLANG_WARN_UNGUARDED_AVAILABILITY = YES_AGGRESSIVE;
				CLANG_WARN_UNREACHABLE_CODE = YES;
				CLANG_WARN__DUPLICATE_METHOD_MATCH = YES;
				COPY_PHASE_STRIP = NO;
				DEBUG_INFORMATION_FORMAT = "dwarf-with-dsym";
				ENABLE_NS_ASSERTIONS = NO;
				ENABLE_STRICT_OBJC_MSGSEND = YES;
				ENABLE_USER_SCRIPT_SANDBOXING = YES;
				GCC_C_LANGUAGE_STANDARD = gnu17;
				GCC_NO_COMMON_BLOCKS = YES;
				GCC_WARN_64_TO_32_BIT_CONVERSION = YES;
				GCC_WARN_ABOUT_RETURN_TYPE = YES_ERROR;
				GCC_WARN_UNDECLARED_SELECTOR = YES;
				GCC_WARN_UNINITIALIZED_AUTOS = YES_AGGRESSIVE;
				GCC_WARN_UNUSED_FUNCTION = YES;
				GCC_WARN_UNUSED_VARIABLE = YES;
				IPHONEOS_DEPLOYMENT_TARGET = 17.0;
				LOCALIZATION_PREFERS_STRING_CATALOGS = YES;
				MTL_ENABLE_DEBUG_INFO = NO;
				MTL_FAST_MATH = YES;
				SDKROOT = iphoneos;
				SWIFT_COMPILATION_MODE = wholemodule;
				VALIDATE_PRODUCT = YES;
			};
			name = Release;
		};
		BAD55C012B4E7C47004004ED /* Debug */ = {
			isa = XCBuildConfiguration;
			buildSettings = {
				ASSETCATALOG_COMPILER_APPICON_NAME = AppIcon;
				ASSETCATALOG_COMPILER_GLOBAL_ACCENT_COLOR_NAME = AccentColor;
				CODE_SIGN_STYLE = Automatic;
				CURRENT_PROJECT_VERSION = 1;
				DEVELOPMENT_ASSET_PATHS = "\"propertyKing/Preview Content\"";
				DEVELOPMENT_TEAM = VTJL63GVW6;
				ENABLE_PREVIEWS = YES;
				GENERATE_INFOPLIST_FILE = YES;
				INFOPLIST_KEY_NSCameraUsageDescription = "";
				INFOPLIST_KEY_NSFaceIDUsageDescription = propertyKing;
				INFOPLIST_KEY_NSLocationWhenInUseUsageDescription = propertyKing;
				INFOPLIST_KEY_UIApplicationSceneManifest_Generation = YES;
				INFOPLIST_KEY_UIApplicationSupportsIndirectInputEvents = YES;
				INFOPLIST_KEY_UILaunchScreen_Generation = YES;
				INFOPLIST_KEY_UISupportedInterfaceOrientations_iPad = "UIInterfaceOrientationPortrait UIInterfaceOrientationPortraitUpsideDown UIInterfaceOrientationLandscapeLeft UIInterfaceOrientationLandscapeRight";
				INFOPLIST_KEY_UISupportedInterfaceOrientations_iPhone = "UIInterfaceOrientationPortrait UIInterfaceOrientationLandscapeLeft UIInterfaceOrientationLandscapeRight";
				INFOPLIST_KEY_UIUserInterfaceStyle = Light;
				LD_RUNPATH_SEARCH_PATHS = (
					"$(inherited)",
					"@executable_path/Frameworks",
				);
				MARKETING_VERSION = 1.0;
				PRODUCT_BUNDLE_IDENTIFIER = com.beans.propertyKingTests;
				PRODUCT_NAME = "$(TARGET_NAME)";
				SWIFT_EMIT_LOC_STRINGS = YES;
				SWIFT_VERSION = 5.0;
				TARGETED_DEVICE_FAMILY = "1,2";
			};
			name = Debug;
		};
		BAD55C022B4E7C47004004ED /* Release */ = {
			isa = XCBuildConfiguration;
			buildSettings = {
				ASSETCATALOG_COMPILER_APPICON_NAME = AppIcon;
				ASSETCATALOG_COMPILER_GLOBAL_ACCENT_COLOR_NAME = AccentColor;
				CODE_SIGN_STYLE = Automatic;
				CURRENT_PROJECT_VERSION = 1;
				DEVELOPMENT_ASSET_PATHS = "\"propertyKing/Preview Content\"";
				DEVELOPMENT_TEAM = VTJL63GVW6;
				ENABLE_PREVIEWS = YES;
				GENERATE_INFOPLIST_FILE = YES;
				INFOPLIST_KEY_NSCameraUsageDescription = "";
				INFOPLIST_KEY_NSFaceIDUsageDescription = propertyKing;
				INFOPLIST_KEY_NSLocationWhenInUseUsageDescription = propertyKing;
				INFOPLIST_KEY_UIApplicationSceneManifest_Generation = YES;
				INFOPLIST_KEY_UIApplicationSupportsIndirectInputEvents = YES;
				INFOPLIST_KEY_UILaunchScreen_Generation = YES;
				INFOPLIST_KEY_UISupportedInterfaceOrientations_iPad = "UIInterfaceOrientationPortrait UIInterfaceOrientationPortraitUpsideDown UIInterfaceOrientationLandscapeLeft UIInterfaceOrientationLandscapeRight";
				INFOPLIST_KEY_UISupportedInterfaceOrientations_iPhone = "UIInterfaceOrientationPortrait UIInterfaceOrientationLandscapeLeft UIInterfaceOrientationLandscapeRight";
				INFOPLIST_KEY_UIUserInterfaceStyle = Light;
				LD_RUNPATH_SEARCH_PATHS = (
					"$(inherited)",
					"@executable_path/Frameworks",
				);
				MARKETING_VERSION = 1.0;
				PRODUCT_BUNDLE_IDENTIFIER = com.beans.propertyKingTests;
				PRODUCT_NAME = "$(TARGET_NAME)";
				SWIFT_EMIT_LOC_STRINGS = YES;
				SWIFT_VERSION = 5.0;
				TARGETED_DEVICE_FAMILY = "1,2";
			};
			name = Release;
		};
		BAD55C042B4E7C47004004ED /* Debug */ = {
			isa = XCBuildConfiguration;
			buildSettings = {
				ALWAYS_EMBED_SWIFT_STANDARD_LIBRARIES = YES;
				BUNDLE_LOADER = "$(TEST_HOST)";
				CODE_SIGN_STYLE = Automatic;
				CURRENT_PROJECT_VERSION = 1;
				DEVELOPMENT_TEAM = VTJL63GVW6;
				GENERATE_INFOPLIST_FILE = YES;
				IPHONEOS_DEPLOYMENT_TARGET = 17.2;
				MARKETING_VERSION = 1.0;
				PRODUCT_BUNDLE_IDENTIFIER = com.beans.propertyKingTests;
				PRODUCT_NAME = "$(TARGET_NAME)";
				SWIFT_EMIT_LOC_STRINGS = NO;
				SWIFT_VERSION = 5.0;
				TARGETED_DEVICE_FAMILY = "1,2";
				TEST_HOST = "$(BUILT_PRODUCTS_DIR)/propertyKing.app/$(BUNDLE_EXECUTABLE_FOLDER_PATH)/propertyKing";
			};
			name = Debug;
		};
		BAD55C052B4E7C47004004ED /* Release */ = {
			isa = XCBuildConfiguration;
			buildSettings = {
				ALWAYS_EMBED_SWIFT_STANDARD_LIBRARIES = YES;
				BUNDLE_LOADER = "$(TEST_HOST)";
				CODE_SIGN_STYLE = Automatic;
				CURRENT_PROJECT_VERSION = 1;
				DEVELOPMENT_TEAM = VTJL63GVW6;
				GENERATE_INFOPLIST_FILE = YES;
				IPHONEOS_DEPLOYMENT_TARGET = 17.2;
				MARKETING_VERSION = 1.0;
				PRODUCT_BUNDLE_IDENTIFIER = com.beans.propertyKingTests;
				PRODUCT_NAME = "$(TARGET_NAME)";
				SWIFT_EMIT_LOC_STRINGS = NO;
				SWIFT_VERSION = 5.0;
				TARGETED_DEVICE_FAMILY = "1,2";
				TEST_HOST = "$(BUILT_PRODUCTS_DIR)/propertyKing.app/$(BUNDLE_EXECUTABLE_FOLDER_PATH)/propertyKing";
			};
			name = Release;
		};
		BAD55C072B4E7C47004004ED /* Debug */ = {
			isa = XCBuildConfiguration;
			buildSettings = {
				ALWAYS_EMBED_SWIFT_STANDARD_LIBRARIES = YES;
				CODE_SIGN_STYLE = Automatic;
				CURRENT_PROJECT_VERSION = 1;
				DEVELOPMENT_TEAM = VTJL63GVW6;
				GENERATE_INFOPLIST_FILE = YES;
				MARKETING_VERSION = 1.0;
				PRODUCT_BUNDLE_IDENTIFIER = com.beans.propertyKingUITests;
				PRODUCT_NAME = "$(TARGET_NAME)";
				SWIFT_EMIT_LOC_STRINGS = NO;
				SWIFT_VERSION = 5.0;
				TARGETED_DEVICE_FAMILY = "1,2";
				TEST_TARGET_NAME = propertyKing;
			};
			name = Debug;
		};
		BAD55C082B4E7C47004004ED /* Release */ = {
			isa = XCBuildConfiguration;
			buildSettings = {
				ALWAYS_EMBED_SWIFT_STANDARD_LIBRARIES = YES;
				CODE_SIGN_STYLE = Automatic;
				CURRENT_PROJECT_VERSION = 1;
				DEVELOPMENT_TEAM = VTJL63GVW6;
				GENERATE_INFOPLIST_FILE = YES;
				MARKETING_VERSION = 1.0;
				PRODUCT_BUNDLE_IDENTIFIER = com.beans.propertyKingUITests;
				PRODUCT_NAME = "$(TARGET_NAME)";
				SWIFT_EMIT_LOC_STRINGS = NO;
				SWIFT_VERSION = 5.0;
				TARGETED_DEVICE_FAMILY = "1,2";
				TEST_TARGET_NAME = propertyKing;
			};
			name = Release;
		};
/* End XCBuildConfiguration section */

/* Begin XCConfigurationList section */
		BAD55BD72B4E7C44004004ED /* Build configuration list for PBXProject "propertyKing" */ = {
			isa = XCConfigurationList;
			buildConfigurations = (
				BAD55BFE2B4E7C47004004ED /* Debug */,
				BAD55BFF2B4E7C47004004ED /* Release */,
			);
			defaultConfigurationIsVisible = 0;
			defaultConfigurationName = Release;
		};
		BAD55C002B4E7C47004004ED /* Build configuration list for PBXNativeTarget "propertyKing" */ = {
			isa = XCConfigurationList;
			buildConfigurations = (
				BAD55C012B4E7C47004004ED /* Debug */,
				BAD55C022B4E7C47004004ED /* Release */,
			);
			defaultConfigurationIsVisible = 0;
			defaultConfigurationName = Release;
		};
		BAD55C032B4E7C47004004ED /* Build configuration list for PBXNativeTarget "propertyKingTests" */ = {
			isa = XCConfigurationList;
			buildConfigurations = (
				BAD55C042B4E7C47004004ED /* Debug */,
				BAD55C052B4E7C47004004ED /* Release */,
			);
			defaultConfigurationIsVisible = 0;
			defaultConfigurationName = Release;
		};
		BAD55C062B4E7C47004004ED /* Build configuration list for PBXNativeTarget "propertyKingUITests" */ = {
			isa = XCConfigurationList;
			buildConfigurations = (
				BAD55C072B4E7C47004004ED /* Debug */,
				BAD55C082B4E7C47004004ED /* Release */,
			);
			defaultConfigurationIsVisible = 0;
			defaultConfigurationName = Release;
		};
/* End XCConfigurationList section */

/* Begin XCRemoteSwiftPackageReference section */
		BA4ECA742B5E22C90076FB80 /* XCRemoteSwiftPackageReference "firebase-ios-sdk" */ = {
			isa = XCRemoteSwiftPackageReference;
			repositoryURL = "https://github.com/firebase/firebase-ios-sdk";
			requirement = {
				kind = upToNextMajorVersion;
				minimumVersion = 10.20.0;
			};
		};
		BA4ECAEC2B6776910076FB80 /* XCRemoteSwiftPackageReference "SDWebImageSwiftUI" */ = {
			isa = XCRemoteSwiftPackageReference;
			repositoryURL = "https://github.com/SDWebImage/SDWebImageSwiftUI";
			requirement = {
				kind = upToNextMajorVersion;
				minimumVersion = 2.2.6;
			};
		};
/* End XCRemoteSwiftPackageReference section */

/* Begin XCSwiftPackageProductDependency section */
		BA4ECA752B5E28710076FB80 /* FirebaseAnalytics */ = {
			isa = XCSwiftPackageProductDependency;
			package = BA4ECA742B5E22C90076FB80 /* XCRemoteSwiftPackageReference "firebase-ios-sdk" */;
			productName = FirebaseAnalytics;
		};
		BA4ECA782B5E2A330076FB80 /* FirebaseAnalyticsSwift */ = {
			isa = XCSwiftPackageProductDependency;
			package = BA4ECA742B5E22C90076FB80 /* XCRemoteSwiftPackageReference "firebase-ios-sdk" */;
			productName = FirebaseAnalyticsSwift;
		};
		BA4ECA7A2B5E2A4A0076FB80 /* FirebaseAuth */ = {
			isa = XCSwiftPackageProductDependency;
			package = BA4ECA742B5E22C90076FB80 /* XCRemoteSwiftPackageReference "firebase-ios-sdk" */;
			productName = FirebaseAuth;
		};
		BA4ECA7C2B5E2A510076FB80 /* FirebaseAnalytics */ = {
			isa = XCSwiftPackageProductDependency;
			package = BA4ECA742B5E22C90076FB80 /* XCRemoteSwiftPackageReference "firebase-ios-sdk" */;
			productName = FirebaseAnalytics;
		};
		BA4ECA832B5E2FD80076FB80 /* FirebaseAuth */ = {
			isa = XCSwiftPackageProductDependency;
			package = BA4ECA742B5E22C90076FB80 /* XCRemoteSwiftPackageReference "firebase-ios-sdk" */;
			productName = FirebaseAuth;
		};
		BA4ECAD42B6036030076FB80 /* FirebaseStorage */ = {
			isa = XCSwiftPackageProductDependency;
			package = BA4ECA742B5E22C90076FB80 /* XCRemoteSwiftPackageReference "firebase-ios-sdk" */;
			productName = FirebaseStorage;
		};
		BA4ECAD62B6036530076FB80 /* FirebaseFirestore */ = {
			isa = XCSwiftPackageProductDependency;
			package = BA4ECA742B5E22C90076FB80 /* XCRemoteSwiftPackageReference "firebase-ios-sdk" */;
			productName = FirebaseFirestore;
		};
		BA4ECAD82B6039920076FB80 /* FirebaseDatabase */ = {
			isa = XCSwiftPackageProductDependency;
			package = BA4ECA742B5E22C90076FB80 /* XCRemoteSwiftPackageReference "firebase-ios-sdk" */;
			productName = FirebaseDatabase;
		};
		BA4ECADA2B6039920076FB80 /* FirebaseDatabaseSwift */ = {
			isa = XCSwiftPackageProductDependency;
			package = BA4ECA742B5E22C90076FB80 /* XCRemoteSwiftPackageReference "firebase-ios-sdk" */;
			productName = FirebaseDatabaseSwift;
		};
		BA4ECADC2B6039920076FB80 /* FirebaseFirestoreCombine-Community */ = {
			isa = XCSwiftPackageProductDependency;
			package = BA4ECA742B5E22C90076FB80 /* XCRemoteSwiftPackageReference "firebase-ios-sdk" */;
			productName = "FirebaseFirestoreCombine-Community";
		};
		BA4ECADE2B6039920076FB80 /* FirebaseFirestoreSwift */ = {
			isa = XCSwiftPackageProductDependency;
			package = BA4ECA742B5E22C90076FB80 /* XCRemoteSwiftPackageReference "firebase-ios-sdk" */;
			productName = FirebaseFirestoreSwift;
		};
		BA4ECAED2B6776920076FB80 /* SDWebImageSwiftUI */ = {
			isa = XCSwiftPackageProductDependency;
			package = BA4ECAEC2B6776910076FB80 /* XCRemoteSwiftPackageReference "SDWebImageSwiftUI" */;
			productName = SDWebImageSwiftUI;
		};
/* End XCSwiftPackageProductDependency section */

/* Begin XCVersionGroup section */
		BA4713BB2B5C1DD2006A4EEE /* houseInfo.xcdatamodeld */ = {
			isa = XCVersionGroup;
			children = (
				BA4713BC2B5C1DD3006A4EEE /* houseInfo.xcdatamodel */,
			);
			currentVersion = BA4713BC2B5C1DD3006A4EEE /* houseInfo.xcdatamodel */;
			path = houseInfo.xcdatamodeld;
			sourceTree = "<group>";
			versionGroupType = wrapper.xcdatamodel;
		};
/* End XCVersionGroup section */
	};
	rootObject = BAD55BD42B4E7C44004004ED /* Project object */;
}
